
Microsoft Visual Studio Solution File, Format Version 12.00
# Visual Studio 11
Project("{8BC9CEB8-8B4A-11D0-8D11-00A0C91BC942}") = "rocket", "rocket.vcxproj", "{A686B3DD-9DA1-EF37-4281-8C157E3E2203}"
EndProject
Project("{2150E333-8FDC-42A3-9474-1A3956D46DE8}") = "Solution Items", "Solution Items", "{0BD59AF9-DA34-48C6-9615-EDEF7944244B}"
	ProjectSection(SolutionItems) = preProject
		Jamfile = Jamfile
		boost-build.jam = boost-build.jam
		libs\text\Jamfile = libs\text\Jamfile
		libs\text\test\Jamfile = libs\text\test\Jamfile
		project-root.jam = project-root.jam
	EndProjectSection
EndProject
Global
	GlobalSection(SolutionConfigurationPlatforms) = preSolution
		Debug|Win32 = Debug|Win32
		Release|Win32 = Release|Win32
	EndGlobalSection
	GlobalSection(ProjectConfigurationPlatforms) = postSolution
		{A686B3DD-9DA1-EF37-4281-8C157E3E2203}.Debug|Win32.ActiveCfg = Debug|Win32
		{A686B3DD-9DA1-EF37-4281-8C157E3E2203}.Debug|Win32.Build.0 = Debug|Win32
		{A686B3DD-9DA1-EF37-4281-8C157E3E2203}.Release|Win32.ActiveCfg = Release|Win32
		{A686B3DD-9DA1-EF37-4281-8C157E3E2203}.Release|Win32.Build.0 = Release|Win32
	EndGlobalSection
	GlobalSection(SolutionProperties) = preSolution
		HideSolutionNode = FALSE
	EndGlobalSection
EndGlobal
