<?xml version="1.0" encoding="utf-8"?>
<Project ToolsVersion="4.0" xmlns="http://schemas.microsoft.com/developer/msbuild/2003">
  <ItemGroup>
    <Filter Include="Source Files">
      <UniqueIdentifier>{7b32daa4-1797-4b25-87a9-7249b349c906}</UniqueIdentifier>
      <Extensions>cpp;c;cxx;def;odl;idl;hpj;bat;asm</Extensions>
    </Filter>
    <Filter Include="Header Files">
      <UniqueIdentifier>{0681aa5f-e0bf-4b17-9c47-4e0cf7c1319c}</UniqueIdentifier>
      <Extensions>h;hpp;hxx;hm;inl;inc</Extensions>
    </Filter>
    <Filter Include="Resource Files">
      <UniqueIdentifier>{40989a2e-0626-4b7c-9351-652f5c24e8b4}</UniqueIdentifier>
      <Extensions>rc;ico;cur;bmp;dlg;rc2;rct;bin;rgs;jpg;jpeg;jpe;manifest</Extensions>
    </Filter>
  </ItemGroup>
  <ItemGroup>
    <ClCompile Include="stdafx.cpp">
      <Filter>Source Files</Filter>
    </ClCompile>
    <ClCompile Include="browser.cpp">
      <Filter>Source Files</Filter>
    </ClCompile>
    <ClCompile Include="BrowserWnd.cpp">
      <Filter>Source Files</Filter>
    </ClCompile>
    <ClCompile Include="ExternalDispatch.cpp">
      <Filter>Source Files</Filter>
    </ClCompile>
    <ClCompile Include="IEHelperObj.cpp">
      <Filter>Source Files</Filter>
    </ClCompile>
    <ClCompile Include="InternetFeature.cpp">
      <Filter>Source Files</Filter>
    </ClCompile>
    <ClCompile Include="BrowserEvent.cpp">
      <Filter>Source Files</Filter>
    </ClCompile>
    <ClCompile Include="WebBrowser.cpp">
      <Filter>Source Files</Filter>
    </ClCompile>
    <ClCompile Include="WebBrowserEx.cpp">
      <Filter>Source Files</Filter>
    </ClCompile>
    <ClCompile Include="WebCommon.cpp">
      <Filter>Source Files</Filter>
    </ClCompile>
  </ItemGroup>
  <ItemGroup>
    <ClInclude Include="stdafx.h">
      <Filter>Header Files</Filter>
    </ClInclude>
    <ClInclude Include="MainDlg.h">
      <Filter>Header Files</Filter>
    </ClInclude>
    <ClInclude Include="AboutDlg.h">
      <Filter>Header Files</Filter>
    </ClInclude>
    <ClInclude Include="resource.h">
      <Filter>Header Files</Filter>
    </ClInclude>
    <ClInclude Include="InternetFeature.h">
      <Filter>Header Files</Filter>
    </ClInclude>
    <ClInclude Include="BrowserEvent.h">
      <Filter>Header Files</Filter>
    </ClInclude>
    <ClInclude Include="BrowserWnd.h">
      <Filter>Header Files</Filter>
    </ClInclude>
    <ClInclude Include="DUIBrowser.h">
      <Filter>Header Files</Filter>
    </ClInclude>
    <ClInclude Include="ExternalDispatch.h">
      <Filter>Header Files</Filter>
    </ClInclude>
    <ClInclude Include="IEHelperObj.h">
      <Filter>Header Files</Filter>
    </ClInclude>
    <ClInclude Include="WebBrowser.h">
      <Filter>Header Files</Filter>
    </ClInclude>
    <ClInclude Include="WebBrowserEx.h">
      <Filter>Header Files</Filter>
    </ClInclude>
    <ClInclude Include="WebCommon.h">
      <Filter>Header Files</Filter>
    </ClInclude>
  </ItemGroup>
  <ItemGroup>
    <ResourceCompile Include="browser.rc">
      <Filter>Resource Files</Filter>
    </ResourceCompile>
  </ItemGroup>
  <ItemGroup>
    <Image Include="res\browser.ico">
      <Filter>Resource Files</Filter>
    </Image>
  </ItemGroup>
</Project>